
Microsoft Visual Studio Solution File, Format Version 12.00
# Visual Studio Version 16
VisualStudioVersion = 16.0.31515.178
MinimumVisualStudioVersion = 10.0.40219.1
Project("{FAE04EC0-301F-11D3-BF4B-00C04F79EFBC}") = "promo.core", "promo.core\promo.core.csproj", "{605001D3-6AC3-4AC3-82F4-BF9D4E906AF2}"
EndProject
Project("{FAE04EC0-301F-11D3-BF4B-00C04F79EFBC}") = "promo.core.testsuite", "promo.core.testsuite\promo.core.testsuite.csproj", "{6A03E6D5-F91E-4477-8745-6771ED273F80}"
EndProject
Global
	GlobalSection(SolutionConfigurationPlatforms) = preSolution
		Debug|Any CPU = Debug|Any CPU
		Release|Any CPU = Release|Any CPU
	EndGlobalSection
	GlobalSection(ProjectConfigurationPlatforms) = postSolution
		{605001D3-6AC3-4AC3-82F4-BF9D4E906AF2}.Debug|Any CPU.ActiveCfg = Debug|Any CPU
		{605001D3-6AC3-4AC3-82F4-BF9D4E906AF2}.Debug|Any CPU.Build.0 = Debug|Any CPU
		{605001D3-6AC3-4AC3-82F4-BF9D4E906AF2}.Release|Any CPU.ActiveCfg = Release|Any CPU
		{605001D3-6AC3-4AC3-82F4-BF9D4E906AF2}.Release|Any CPU.Build.0 = Release|Any CPU
		{6A03E6D5-F91E-4477-8745-6771ED273F80}.Debug|Any CPU.ActiveCfg = Debug|Any CPU
		{6A03E6D5-F91E-4477-8745-6771ED273F80}.Debug|Any CPU.Build.0 = Debug|Any CPU
		{6A03E6D5-F91E-4477-8745-6771ED273F80}.Release|Any CPU.ActiveCfg = Release|Any CPU
		{6A03E6D5-F91E-4477-8745-6771ED273F80}.Release|Any CPU.Build.0 = Release|Any CPU
	EndGlobalSection
	GlobalSection(SolutionProperties) = preSolution
		HideSolutionNode = FALSE
	EndGlobalSection
	GlobalSection(ExtensibilityGlobals) = postSolution
		SolutionGuid = {F119582D-66C6-4F3A-AA25-60D597B052EC}
	EndGlobalSection
EndGlobal
